
Microsoft Visual Studio Solution File, Format Version 12.00
# Visual Studio Version 17
VisualStudioVersion = 17.6.33815.320
MinimumVisualStudioVersion = 10.0.40219.1
Project("{FAE04EC0-301F-11D3-BF4B-00C04F79EFBC}") = "snake", "snake\snake.csproj", "{EA9C50E5-124A-472C-AE0C-7477EF6EB3BE}"
EndProject
Global
	GlobalSection(SolutionConfigurationPlatforms) = preSolution
		Debug|Any CPU = Debug|Any CPU
		Release|Any CPU = Release|Any CPU
	EndGlobalSection
	GlobalSection(ProjectConfigurationPlatforms) = postSolution
		{EA9C50E5-124A-472C-AE0C-7477EF6EB3BE}.Debug|Any CPU.ActiveCfg = Debug|Any CPU
		{EA9C50E5-124A-472C-AE0C-7477EF6EB3BE}.Debug|Any CPU.Build.0 = Debug|Any CPU
		{EA9C50E5-124A-472C-AE0C-7477EF6EB3BE}.Release|Any CPU.ActiveCfg = Release|Any CPU
		{EA9C50E5-124A-472C-AE0C-7477EF6EB3BE}.Release|Any CPU.Build.0 = Release|Any CPU
	EndGlobalSection
	GlobalSection(SolutionProperties) = preSolution
		HideSolutionNode = FALSE
	EndGlobalSection
	GlobalSection(ExtensibilityGlobals) = postSolution
		SolutionGuid = {033040DA-B76D-4C49-AECD-8B7F9468E857}
	EndGlobalSection
EndGlobal
