
Microsoft Visual Studio Solution File, Format Version 12.00
# Visual Studio Version 17
VisualStudioVersion = 17.6.33815.320
MinimumVisualStudioVersion = 10.0.40219.1
Project("{FAE04EC0-301F-11D3-BF4B-00C04F79EFBC}") = "Adatb", "Adatb\Adatb.csproj", "{238E5D6F-E132-4A1C-81A6-E26ACE3B8ED8}"
EndProject
Global
	GlobalSection(SolutionConfigurationPlatforms) = preSolution
		Debug|Any CPU = Debug|Any CPU
		Release|Any CPU = Release|Any CPU
	EndGlobalSection
	GlobalSection(ProjectConfigurationPlatforms) = postSolution
		{238E5D6F-E132-4A1C-81A6-E26ACE3B8ED8}.Debug|Any CPU.ActiveCfg = Debug|Any CPU
		{238E5D6F-E132-4A1C-81A6-E26ACE3B8ED8}.Debug|Any CPU.Build.0 = Debug|Any CPU
		{238E5D6F-E132-4A1C-81A6-E26ACE3B8ED8}.Release|Any CPU.ActiveCfg = Release|Any CPU
		{238E5D6F-E132-4A1C-81A6-E26ACE3B8ED8}.Release|Any CPU.Build.0 = Release|Any CPU
	EndGlobalSection
	GlobalSection(SolutionProperties) = preSolution
		HideSolutionNode = FALSE
	EndGlobalSection
	GlobalSection(ExtensibilityGlobals) = postSolution
		SolutionGuid = {56104799-950C-47FB-8F1D-29929C11AA11}
	EndGlobalSection
EndGlobal
